# This file is automatically @generated by Cargo.
# It is not intended for manual editing.
version = 3

[[package]]
name = "lab1_tl1"
version = "0.1.0"

[[package]]
name = "lab1_tl2"
version = "0.1.0"

[[package]]
name = "lab1_tl3"
version = "0.1.0"

[[package]]
name = "lab1_tl4"
version = "0.1.0"

[[package]]
name = "lab1_tl5"
version = "0.1.0"

[[package]]
name = "lab1_tl6"
version = "0.1.0"

[[package]]
name = "rust-example-labs"
version = "0.1.0"
